
Microsoft Visual Studio Solution File, Format Version 12.00
# Visual Studio Version 17
VisualStudioVersion = 17.14.36401.2
MinimumVisualStudioVersion = 10.0.40219.1
Project("{FAE04EC0-301F-11D3-BF4B-00C04F79EFBC}") = "TowerOfHanoi", "TowerOfHanoi\TowerOfHanoi.csproj", "{02D008DF-E4EA-4367-B8C7-5CE746D22673}"
EndProject
Project("{FAE04EC0-301F-11D3-BF4B-00C04F79EFBC}") = "TowerOfHanoiTest", "TowerOfHanoiTest\TowerOfHanoiTest.csproj", "{DB208C17-EFE7-4083-B688-2F12752F66C5}"
EndProject
Project("{FAE04EC0-301F-11D3-BF4B-00C04F79EFBC}") = "TowerOfHanoi.GUI", "TowerOfHanoi.GUI\TowerOfHanoi.GUI.csproj", "{BEE63E5A-1B80-4B31-8FB7-DFE176EBFD47}"
EndProject
Global
	GlobalSection(SolutionConfigurationPlatforms) = preSolution
		Debug|Any CPU = Debug|Any CPU
		Release|Any CPU = Release|Any CPU
	EndGlobalSection
	GlobalSection(ProjectConfigurationPlatforms) = postSolution
		{02D008DF-E4EA-4367-B8C7-5CE746D22673}.Debug|Any CPU.ActiveCfg = Debug|Any CPU
		{02D008DF-E4EA-4367-B8C7-5CE746D22673}.Debug|Any CPU.Build.0 = Debug|Any CPU
		{02D008DF-E4EA-4367-B8C7-5CE746D22673}.Release|Any CPU.ActiveCfg = Release|Any CPU
		{02D008DF-E4EA-4367-B8C7-5CE746D22673}.Release|Any CPU.Build.0 = Release|Any CPU
		{DB208C17-EFE7-4083-B688-2F12752F66C5}.Debug|Any CPU.ActiveCfg = Debug|Any CPU
		{DB208C17-EFE7-4083-B688-2F12752F66C5}.Debug|Any CPU.Build.0 = Debug|Any CPU
		{DB208C17-EFE7-4083-B688-2F12752F66C5}.Release|Any CPU.ActiveCfg = Release|Any CPU
		{DB208C17-EFE7-4083-B688-2F12752F66C5}.Release|Any CPU.Build.0 = Release|Any CPU
		{BEE63E5A-1B80-4B31-8FB7-DFE176EBFD47}.Debug|Any CPU.ActiveCfg = Debug|Any CPU
		{BEE63E5A-1B80-4B31-8FB7-DFE176EBFD47}.Debug|Any CPU.Build.0 = Debug|Any CPU
		{BEE63E5A-1B80-4B31-8FB7-DFE176EBFD47}.Release|Any CPU.ActiveCfg = Release|Any CPU
		{BEE63E5A-1B80-4B31-8FB7-DFE176EBFD47}.Release|Any CPU.Build.0 = Release|Any CPU
	EndGlobalSection
	GlobalSection(SolutionProperties) = preSolution
		HideSolutionNode = FALSE
	EndGlobalSection
	GlobalSection(ExtensibilityGlobals) = postSolution
		SolutionGuid = {E6DEEFB8-09B9-40BF-AB13-65E867FD3C5A}
	EndGlobalSection
EndGlobal
